
Microsoft Visual Studio Solution File, Format Version 12.00
# Visual Studio Version 17
VisualStudioVersion = 17.3.32804.467
MinimumVisualStudioVersion = 10.0.40219.1
Project("{8BC9CEB8-8B4A-11D0-8D11-00A0C91BC942}") = "leetcode_516", "leetcode_516.vcxproj", "{EE06EA6E-3E4B-445E-B747-E7CF4689B174}"
EndProject
Global
	GlobalSection(SolutionConfigurationPlatforms) = preSolution
		Debug|x64 = Debug|x64
		Debug|x86 = Debug|x86
		Release|x64 = Release|x64
		Release|x86 = Release|x86
	EndGlobalSection
	GlobalSection(ProjectConfigurationPlatforms) = postSolution
		{EE06EA6E-3E4B-445E-B747-E7CF4689B174}.Debug|x64.ActiveCfg = Debug|x64
		{EE06EA6E-3E4B-445E-B747-E7CF4689B174}.Debug|x64.Build.0 = Debug|x64
		{EE06EA6E-3E4B-445E-B747-E7CF4689B174}.Debug|x86.ActiveCfg = Debug|Win32
		{EE06EA6E-3E4B-445E-B747-E7CF4689B174}.Debug|x86.Build.0 = Debug|Win32
		{EE06EA6E-3E4B-445E-B747-E7CF4689B174}.Release|x64.ActiveCfg = Release|x64
		{EE06EA6E-3E4B-445E-B747-E7CF4689B174}.Release|x64.Build.0 = Release|x64
		{EE06EA6E-3E4B-445E-B747-E7CF4689B174}.Release|x86.ActiveCfg = Release|Win32
		{EE06EA6E-3E4B-445E-B747-E7CF4689B174}.Release|x86.Build.0 = Release|Win32
	EndGlobalSection
	GlobalSection(SolutionProperties) = preSolution
		HideSolutionNode = FALSE
	EndGlobalSection
	GlobalSection(ExtensibilityGlobals) = postSolution
		SolutionGuid = {7AD923F4-C9EF-4457-ABE7-EF558C51397A}
	EndGlobalSection
EndGlobal
