
Microsoft Visual Studio Solution File, Format Version 12.00
# Visual Studio Version 17
VisualStudioVersion = 17.3.32804.467
MinimumVisualStudioVersion = 10.0.40219.1
Project("{8BC9CEB8-8B4A-11D0-8D11-00A0C91BC942}") = "leetcode._04_08.1486", "leetcode._04_08.1486.vcxproj", "{6F52FFF5-26B4-4A19-9E0C-D26B79CE1CFD}"
EndProject
Global
	GlobalSection(SolutionConfigurationPlatforms) = preSolution
		Debug|x64 = Debug|x64
		Debug|x86 = Debug|x86
		Release|x64 = Release|x64
		Release|x86 = Release|x86
	EndGlobalSection
	GlobalSection(ProjectConfigurationPlatforms) = postSolution
		{6F52FFF5-26B4-4A19-9E0C-D26B79CE1CFD}.Debug|x64.ActiveCfg = Debug|x64
		{6F52FFF5-26B4-4A19-9E0C-D26B79CE1CFD}.Debug|x64.Build.0 = Debug|x64
		{6F52FFF5-26B4-4A19-9E0C-D26B79CE1CFD}.Debug|x86.ActiveCfg = Debug|Win32
		{6F52FFF5-26B4-4A19-9E0C-D26B79CE1CFD}.Debug|x86.Build.0 = Debug|Win32
		{6F52FFF5-26B4-4A19-9E0C-D26B79CE1CFD}.Release|x64.ActiveCfg = Release|x64
		{6F52FFF5-26B4-4A19-9E0C-D26B79CE1CFD}.Release|x64.Build.0 = Release|x64
		{6F52FFF5-26B4-4A19-9E0C-D26B79CE1CFD}.Release|x86.ActiveCfg = Release|Win32
		{6F52FFF5-26B4-4A19-9E0C-D26B79CE1CFD}.Release|x86.Build.0 = Release|Win32
	EndGlobalSection
	GlobalSection(SolutionProperties) = preSolution
		HideSolutionNode = FALSE
	EndGlobalSection
	GlobalSection(ExtensibilityGlobals) = postSolution
		SolutionGuid = {B8AC654B-D5E4-486E-A9D4-6A25FC366BA1}
	EndGlobalSection
EndGlobal
