
Microsoft Visual Studio Solution File, Format Version 12.00
# Visual Studio Version 17
VisualStudioVersion = 17.3.32804.467
MinimumVisualStudioVersion = 10.0.40219.1
Project("{8BC9CEB8-8B4A-11D0-8D11-00A0C91BC942}") = "leetcode_553", "leetcode_553.vcxproj", "{7DD1B834-40E2-447A-87CB-2C09E29C9930}"
EndProject
Global
	GlobalSection(SolutionConfigurationPlatforms) = preSolution
		Debug|x64 = Debug|x64
		Debug|x86 = Debug|x86
		Release|x64 = Release|x64
		Release|x86 = Release|x86
	EndGlobalSection
	GlobalSection(ProjectConfigurationPlatforms) = postSolution
		{7DD1B834-40E2-447A-87CB-2C09E29C9930}.Debug|x64.ActiveCfg = Debug|x64
		{7DD1B834-40E2-447A-87CB-2C09E29C9930}.Debug|x64.Build.0 = Debug|x64
		{7DD1B834-40E2-447A-87CB-2C09E29C9930}.Debug|x86.ActiveCfg = Debug|Win32
		{7DD1B834-40E2-447A-87CB-2C09E29C9930}.Debug|x86.Build.0 = Debug|Win32
		{7DD1B834-40E2-447A-87CB-2C09E29C9930}.Release|x64.ActiveCfg = Release|x64
		{7DD1B834-40E2-447A-87CB-2C09E29C9930}.Release|x64.Build.0 = Release|x64
		{7DD1B834-40E2-447A-87CB-2C09E29C9930}.Release|x86.ActiveCfg = Release|Win32
		{7DD1B834-40E2-447A-87CB-2C09E29C9930}.Release|x86.Build.0 = Release|Win32
	EndGlobalSection
	GlobalSection(SolutionProperties) = preSolution
		HideSolutionNode = FALSE
	EndGlobalSection
	GlobalSection(ExtensibilityGlobals) = postSolution
		SolutionGuid = {2B8CC1F9-383B-4D6D-A6A8-F634B329A572}
	EndGlobalSection
EndGlobal
